
Microsoft Visual Studio Solution File, Format Version 12.00
# Visual Studio Version 17
VisualStudioVersion = 17.1.32210.238
MinimumVisualStudioVersion = 10.0.40219.1
Project("{FAE04EC0-301F-11D3-BF4B-00C04F79EFBC}") = "VirtualReality", "VirtualReality\VirtualReality.csproj", "{1B8FBD71-9783-400F-B5FF-8EF843B01B06}"
EndProject
Global
	GlobalSection(SolutionConfigurationPlatforms) = preSolution
		Debug|Any CPU = Debug|Any CPU
		Release|Any CPU = Release|Any CPU
	EndGlobalSection
	GlobalSection(ProjectConfigurationPlatforms) = postSolution
		{1B8FBD71-9783-400F-B5FF-8EF843B01B06}.Debug|Any CPU.ActiveCfg = Debug|Any CPU
		{1B8FBD71-9783-400F-B5FF-8EF843B01B06}.Debug|Any CPU.Build.0 = Debug|Any CPU
		{1B8FBD71-9783-400F-B5FF-8EF843B01B06}.Release|Any CPU.ActiveCfg = Release|Any CPU
		{1B8FBD71-9783-400F-B5FF-8EF843B01B06}.Release|Any CPU.Build.0 = Release|Any CPU
	EndGlobalSection
	GlobalSection(SolutionProperties) = preSolution
		HideSolutionNode = FALSE
	EndGlobalSection
	GlobalSection(ExtensibilityGlobals) = postSolution
		SolutionGuid = {B49C32B8-8E36-456B-91F8-A5FE5EA7E290}
	EndGlobalSection
EndGlobal
